{
  "name": "twitterstream",
  "version": "1.0.0",
  "lockfileVersion": 1,
  "requires": true,
  "dependencies": {
    "delay": {
      "version": "4.0.1",
      "resolved": "https://registry.npmjs.org/delay/-/delay-4.0.1.tgz",
      "integrity": "sha512-wOsrzqdl8Lphi0v3g4FPz7zf0sT4o/u+z+LB+s1q0qzB9xw6QzZbdY9D6IoCojRHIxbaHvpUkLt6//1KB6VNug=="
    }
  }
}
